PODS:
  - Flutter (1.0.0)
  - image_picker_ios (0.0.1):
    - Flutter
  - LibTorch (1.8.0):
    - LibTorch/Core (= 1.8.0)
  - LibTorch/Core (1.8.0):
    - LibTorch/Torch
  - LibTorch/Torch (1.8.0)
  - path_provider_foundation (0.0.1):
    - Flutter
    - FlutterMacOS
  - pytorch_mobile (0.0.1):
    - Flutter
    - LibTorch (~> 1.8.0)

DEPENDENCIES:
  - Flutter (from `Flutter`)
  - image_picker_ios (from `.symlinks/plugins/image_picker_ios/ios`)
  - path_provider_foundation (from `.symlinks/plugins/path_provider_foundation/darwin`)
  - pytorch_mobile (from `.symlinks/plugins/pytorch_mobile/ios`)

SPEC REPOS:
  trunk:
    - LibTorch

EXTERNAL SOURCES:
  Flutter:
    :path: Flutter
  image_picker_ios:
    :path: ".symlinks/plugins/image_picker_ios/ios"
  path_provider_foundation:
    :path: ".symlinks/plugins/path_provider_foundation/darwin"
  pytorch_mobile:
    :path: ".symlinks/plugins/pytorch_mobile/ios"

SPEC CHECKSUMS:
  Flutter: f04841e97a9d0b0a8025694d0796dd46242b2854
  image_picker_ios: 4a8aadfbb6dc30ad5141a2ce3832af9214a705b5
  LibTorch: d7724112589515bedd5eadf14a9db5b1d62d8a34
  path_provider_foundation: 29f094ae23ebbca9d3d0cec13889cd9060c0e943
  pytorch_mobile: cdb1566b9883c59662d443e904db6674e829dd84

PODFILE CHECKSUM: 7be2f5f74864d463a8ad433546ed1de7e0f29aef

COCOAPODS: 1.14.2
